// !$*UTF8*$!
{
	archiveVersion = 1;
	classes = {
	};
	objectVersion = 50;
	objects = {

/* Begin PBXBuildFile section */
		27F5DCFC24F328E80044C151 /* KombuchaApp.swift in Sources */ = {isa = PBXBuildFile; fileRef = 27F5DCFB24F328E80044C151 /* KombuchaApp.swift */; };
		27F5DCFE24F328E80044C151 /* ContentView.swift in Sources */ = {isa = PBXBuildFile; fileRef = 27F5DCFD24F328E80044C151 /* ContentView.swift */; };
		27F5DD0024F328E90044C151 /* Assets.xcassets in Resources */ = {isa = PBXBuildFile; fileRef = 27F5DCFF24F328E90044C151 /* Assets.xcassets */; };
		27F5DD0324F328E90044C151 /* Preview Assets.xcassets in Resources */ = {isa = PBXBuildFile; fileRef = 27F5DD0224F328E90044C151 /* Preview Assets.xcassets */; };
		27F5DD0D24F329410044C151 /* Sidebar.swift in Sources */ = {isa = PBXBuildFile; fileRef = 27F5DD0C24F329410044C151 /* Sidebar.swift */; };
		27F5DD0F24F329F30044C151 /* Home.swift in Sources */ = {isa = PBXBuildFile; fileRef = 27F5DD0E24F329F30044C151 /* Home.swift */; };
		27F5DD1224F32A3B0044C151 /* Formulae.swift in Sources */ = {isa = PBXBuildFile; fileRef = 27F5DD1124F32A3B0044C151 /* Formulae.swift */; };
		27F5DD1424F32A660044C151 /* SidebarRow.swift in Sources */ = {isa = PBXBuildFile; fileRef = 27F5DD1324F32A660044C151 /* SidebarRow.swift */; };
/* End PBXBuildFile section */

/* Begin PBXFileReference section */
		27F5DCF824F328E80044C151 /* Kombucha.app */ = {isa = PBXFileReference; explicitFileType = wrapper.application; includeInIndex = 0; path = Kombucha.app; sourceTree = BUILT_PRODUCTS_DIR; };
		27F5DCFB24F328E80044C151 /* KombuchaApp.swift */ = {isa = PBXFileReference; lastKnownFileType = sourcecode.swift; path = KombuchaApp.swift; sourceTree = "<group>"; };
		27F5DCFD24F328E80044C151 /* ContentView.swift */ = {isa = PBXFileReference; lastKnownFileType = sourcecode.swift; path = ContentView.swift; sourceTree = "<group>"; };
		27F5DCFF24F328E90044C151 /* Assets.xcassets */ = {isa = PBXFileReference; lastKnownFileType = folder.assetcatalog; path = Assets.xcassets; sourceTree = "<group>"; };
		27F5DD0224F328E90044C151 /* Preview Assets.xcassets */ = {isa = PBXFileReference; lastKnownFileType = folder.assetcatalog; path = "Preview Assets.xcassets"; sourceTree = "<group>"; };
		27F5DD0424F328E90044C151 /* Info.plist */ = {isa = PBXFileReference; lastKnownFileType = text.plist.xml; path = Info.plist; sourceTree = "<group>"; };
		27F5DD0524F328E90044C151 /* Kombucha.entitlements */ = {isa = PBXFileReference; lastKnownFileType = text.plist.entitlements; path = Kombucha.entitlements; sourceTree = "<group>"; };
		27F5DD0C24F329410044C151 /* Sidebar.swift */ = {isa = PBXFileReference; lastKnownFileType = sourcecode.swift; path = Sidebar.swift; sourceTree = "<group>"; };
		27F5DD0E24F329F30044C151 /* Home.swift */ = {isa = PBXFileReference; lastKnownFileType = sourcecode.swift; path = Home.swift; sourceTree = "<group>"; };
		27F5DD1124F32A3B0044C151 /* Formulae.swift */ = {isa = PBXFileReference; lastKnownFileType = sourcecode.swift; path = Formulae.swift; sourceTree = "<group>"; };
		27F5DD1324F32A660044C151 /* SidebarRow.swift */ = {isa = PBXFileReference; lastKnownFileType = sourcecode.swift; path = SidebarRow.swift; sourceTree = "<group>"; };
/* End PBXFileReference section */

/* Begin PBXFrameworksBuildPhase section */
		27F5DCF524F328E80044C151 /* Frameworks */ = {
			isa = PBXFrameworksBuildPhase;
			buildActionMask = 2147483647;
			files = (
			);
			runOnlyForDeploymentPostprocessing = 0;
		};
/* End PBXFrameworksBuildPhase section */

/* Begin PBXGroup section */
		27F5DCEF24F328E80044C151 = {
			isa = PBXGroup;
			children = (
				27F5DCFA24F328E80044C151 /* Kombucha */,
				27F5DCF924F328E80044C151 /* Products */,
			);
			sourceTree = "<group>";
		};
		27F5DCF924F328E80044C151 /* Products */ = {
			isa = PBXGroup;
			children = (
				27F5DCF824F328E80044C151 /* Kombucha.app */,
			);
			name = Products;
			sourceTree = "<group>";
		};
		27F5DCFA24F328E80044C151 /* Kombucha */ = {
			isa = PBXGroup;
			children = (
				27F5DD1024F32A170044C151 /* Model */,
				27F5DD0B24F329320044C151 /* Views */,
				27F5DCFB24F328E80044C151 /* KombuchaApp.swift */,
				27F5DCFD24F328E80044C151 /* ContentView.swift */,
				27F5DCFF24F328E90044C151 /* Assets.xcassets */,
				27F5DD0424F328E90044C151 /* Info.plist */,
				27F5DD0524F328E90044C151 /* Kombucha.entitlements */,
				27F5DD0124F328E90044C151 /* Preview Content */,
			);
			path = Kombucha;
			sourceTree = "<group>";
		};
		27F5DD0124F328E90044C151 /* Preview Content */ = {
			isa = PBXGroup;
			children = (
				27F5DD0224F328E90044C151 /* Preview Assets.xcassets */,
			);
			path = "Preview Content";
			sourceTree = "<group>";
		};
		27F5DD0B24F329320044C151 /* Views */ = {
			isa = PBXGroup;
			children = (
				27F5DD0C24F329410044C151 /* Sidebar.swift */,
				27F5DD0E24F329F30044C151 /* Home.swift */,
				27F5DD1324F32A660044C151 /* SidebarRow.swift */,
			);
			path = Views;
			sourceTree = "<group>";
		};
		27F5DD1024F32A170044C151 /* Model */ = {
			isa = PBXGroup;
			children = (
				27F5DD1124F32A3B0044C151 /* Formulae.swift */,
			);
			path = Model;
			sourceTree = "<group>";
		};
/* End PBXGroup section */

/* Begin PBXNativeTarget section */
		27F5DCF724F328E80044C151 /* Kombucha */ = {
			isa = PBXNativeTarget;
			buildConfigurationList = 27F5DD0824F328E90044C151 /* Build configuration list for PBXNativeTarget "Kombucha" */;
			buildPhases = (
				27F5DCF424F328E80044C151 /* Sources */,
				27F5DCF524F328E80044C151 /* Frameworks */,
				27F5DCF624F328E80044C151 /* Resources */,
			);
			buildRules = (
			);
			dependencies = (
			);
			name = Kombucha;
			productName = Kombucha;
			productReference = 27F5DCF824F328E80044C151 /* Kombucha.app */;
			productType = "com.apple.product-type.application";
		};
/* End PBXNativeTarget section */

/* Begin PBXProject section */
		27F5DCF024F328E80044C151 /* Project object */ = {
			isa = PBXProject;
			attributes = {
				LastSwiftUpdateCheck = 1200;
				LastUpgradeCheck = 1200;
				TargetAttributes = {
					27F5DCF724F328E80044C151 = {
						CreatedOnToolsVersion = 12.0;
					};
				};
			};
			buildConfigurationList = 27F5DCF324F328E80044C151 /* Build configuration list for PBXProject "Kombucha" */;
			compatibilityVersion = "Xcode 9.3";
			developmentRegion = en;
			hasScannedForEncodings = 0;
			knownRegions = (
				en,
				Base,
			);
			mainGroup = 27F5DCEF24F328E80044C151;
			productRefGroup = 27F5DCF924F328E80044C151 /* Products */;
			projectDirPath = "";
			projectRoot = "";
			targets = (
				27F5DCF724F328E80044C151 /* Kombucha */,
			);
		};
/* End PBXProject section */

/* Begin PBXResourcesBuildPhase section */
		27F5DCF624F328E80044C151 /* Resources */ = {
			isa = PBXResourcesBuildPhase;
			buildActionMask = 2147483647;
			files = (
				27F5DD0324F328E90044C151 /* Preview Assets.xcassets in Resources */,
				27F5DD0024F328E90044C151 /* Assets.xcassets in Resources */,
			);
			runOnlyForDeploymentPostprocessing = 0;
		};
/* End PBXResourcesBuildPhase section */

/* Begin PBXSourcesBuildPhase section */
		27F5DCF424F328E80044C151 /* Sources */ = {
			isa = PBXSourcesBuildPhase;
			buildActionMask = 2147483647;
			files = (
				27F5DCFE24F328E80044C151 /* ContentView.swift in Sources */,
				27F5DD1424F32A660044C151 /* SidebarRow.swift in Sources */,
				27F5DD0D24F329410044C151 /* Sidebar.swift in Sources */,
				27F5DD1224F32A3B0044C151 /* Formulae.swift in Sources */,
				27F5DD0F24F329F30044C151 /* Home.swift in Sources */,
				27F5DCFC24F328E80044C151 /* KombuchaApp.swift in Sources */,
			);
			runOnlyForDeploymentPostprocessing = 0;
		};
/* End PBXSourcesBuildPhase section */

/* Begin XCBuildConfiguration section */
		27F5DD0624F328E90044C151 /* Debug */ = {
			isa = XCBuildConfiguration;
			buildSettings = {
				ALWAYS_SEARCH_USER_PATHS = NO;
				CLANG_ANALYZER_NONNULL = YES;
				CLANG_ANALYZER_NUMBER_OBJECT_CONVERSION = YES_AGGRESSIVE;
				CLANG_CXX_LANGUAGE_STANDARD = "gnu++14";
				CLANG_CXX_LIBRARY = "libc++";
				CLANG_ENABLE_MODULES = YES;
				CLANG_ENABLE_OBJC_ARC = YES;
				CLANG_ENABLE_OBJC_WEAK = YES;
				CLANG_WARN_BLOCK_CAPTURE_AUTORELEASING = YES;
				CLANG_WARN_BOOL_CONVERSION = YES;
				CLANG_WARN_COMMA = YES;
				CLANG_WARN_CONSTANT_CONVERSION = YES;
				CLANG_WARN_DEPRECATED_OBJC_IMPLEMENTATIONS = YES;
				CLANG_WARN_DIRECT_OBJC_ISA_USAGE = YES_ERROR;
				CLANG_WARN_DOCUMENTATION_COMMENTS = YES;
				CLANG_WARN_EMPTY_BODY = YES;
				CLANG_WARN_ENUM_CONVERSION = YES;
				CLANG_WARN_INFINITE_RECURSION = YES;
				CLANG_WARN_INT_CONVERSION = YES;
				CLANG_WARN_NON_LITERAL_NULL_CONVERSION = YES;
				CLANG_WARN_OBJC_IMPLICIT_RETAIN_SELF = YES;
				CLANG_WARN_OBJC_LITERAL_CONVERSION = YES;
				CLANG_WARN_OBJC_ROOT_CLASS = YES_ERROR;
				CLANG_WARN_QUOTED_INCLUDE_IN_FRAMEWORK_HEADER = YES;
				CLANG_WARN_RANGE_LOOP_ANALYSIS = YES;
				CLANG_WARN_STRICT_PROTOTYPES = YES;
				CLANG_WARN_SUSPICIOUS_MOVE = YES;
				CLANG_WARN_UNGUARDED_AVAILABILITY = YES_AGGRESSIVE;
				CLANG_WARN_UNREACHABLE_CODE = YES;
				CLANG_WARN__DUPLICATE_METHOD_MATCH = YES;
				COPY_PHASE_STRIP = NO;
				DEBUG_INFORMATION_FORMAT = dwarf;
				ENABLE_STRICT_OBJC_MSGSEND = YES;
				ENABLE_TESTABILITY = YES;
				GCC_C_LANGUAGE_STANDARD = gnu11;
				GCC_DYNAMIC_NO_PIC = NO;
				GCC_NO_COMMON_BLOCKS = YES;
				GCC_OPTIMIZATION_LEVEL = 0;
				GCC_PREPROCESSOR_DEFINITIONS = (
					"DEBUG=1",
					"$(inherited)",
				);
				GCC_WARN_64_TO_32_BIT_CONVERSION = YES;
				GCC_WARN_ABOUT_RETURN_TYPE = YES_ERROR;
				GCC_WARN_UNDECLARED_SELECTOR = YES;
				GCC_WARN_UNINITIALIZED_AUTOS = YES_AGGRESSIVE;
				GCC_WARN_UNUSED_FUNCTION = YES;
				GCC_WARN_UNUSED_VARIABLE = YES;
				MACOSX_DEPLOYMENT_TARGET = 11.0;
				MTL_ENABLE_DEBUG_INFO = INCLUDE_SOURCE;
				MTL_FAST_MATH = YES;
				ONLY_ACTIVE_ARCH = YES;
				SDKROOT = macosx;
				SWIFT_ACTIVE_COMPILATION_CONDITIONS = DEBUG;
				SWIFT_OPTIMIZATION_LEVEL = "-Onone";
			};
			name = Debug;
		};
		27F5DD0724F328E90044C151 /* Release */ = {
			isa = XCBuildConfiguration;
			buildSettings = {
				ALWAYS_SEARCH_USER_PATHS = NO;
				CLANG_ANALYZER_NONNULL = YES;
				CLANG_ANALYZER_NUMBER_OBJECT_CONVERSION = YES_AGGRESSIVE;
				CLANG_CXX_LANGUAGE_STANDARD = "gnu++14";
				CLANG_CXX_LIBRARY = "libc++";
				CLANG_ENABLE_MODULES = YES;
				CLANG_ENABLE_OBJC_ARC = YES;
				CLANG_ENABLE_OBJC_WEAK = YES;
				CLANG_WARN_BLOCK_CAPTURE_AUTORELEASING = YES;
				CLANG_WARN_BOOL_CONVERSION = YES;
				CLANG_WARN_COMMA = YES;
				CLANG_WARN_CONSTANT_CONVERSION = YES;
				CLANG_WARN_DEPRECATED_OBJC_IMPLEMENTATIONS = YES;
				CLANG_WARN_DIRECT_OBJC_ISA_USAGE = YES_ERROR;
				CLANG_WARN_DOCUMENTATION_COMMENTS = YES;
				CLANG_WARN_EMPTY_BODY = YES;
				CLANG_WARN_ENUM_CONVERSION = YES;
				CLANG_WARN_INFINITE_RECURSION = YES;
				CLANG_WARN_INT_CONVERSION = YES;
				CLANG_WARN_NON_LITERAL_NULL_CONVERSION = YES;
				CLANG_WARN_OBJC_IMPLICIT_RETAIN_SELF = YES;
				CLANG_WARN_OBJC_LITERAL_CONVERSION = YES;
				CLANG_WARN_OBJC_ROOT_CLASS = YES_ERROR;
				CLANG_WARN_QUOTED_INCLUDE_IN_FRAMEWORK_HEADER = YES;
				CLANG_WARN_RANGE_LOOP_ANALYSIS = YES;
				CLANG_WARN_STRICT_PROTOTYPES = YES;
				CLANG_WARN_SUSPICIOUS_MOVE = YES;
				CLANG_WARN_UNGUARDED_AVAILABILITY = YES_AGGRESSIVE;
				CLANG_WARN_UNREACHABLE_CODE = YES;
				CLANG_WARN__DUPLICATE_METHOD_MATCH = YES;
				COPY_PHASE_STRIP = NO;
				DEBUG_INFORMATION_FORMAT = "dwarf-with-dsym";
				ENABLE_NS_ASSERTIONS = NO;
				ENABLE_STRICT_OBJC_MSGSEND = YES;
				GCC_C_LANGUAGE_STANDARD = gnu11;
				GCC_NO_COMMON_BLOCKS = YES;
				GCC_WARN_64_TO_32_BIT_CONVERSION = YES;
				GCC_WARN_ABOUT_RETURN_TYPE = YES_ERROR;
				GCC_WARN_UNDECLARED_SELECTOR = YES;
				GCC_WARN_UNINITIALIZED_AUTOS = YES_AGGRESSIVE;
				GCC_WARN_UNUSED_FUNCTION = YES;
				GCC_WARN_UNUSED_VARIABLE = YES;
				MACOSX_DEPLOYMENT_TARGET = 11.0;
				MTL_ENABLE_DEBUG_INFO = NO;
				MTL_FAST_MATH = YES;
				SDKROOT = macosx;
				SWIFT_COMPILATION_MODE = wholemodule;
				SWIFT_OPTIMIZATION_LEVEL = "-O";
			};
			name = Release;
		};
		27F5DD0924F328E90044C151 /* Debug */ = {
			isa = XCBuildConfiguration;
			buildSettings = {
				ASSETCATALOG_COMPILER_APPICON_NAME = AppIcon;
				ASSETCATALOG_COMPILER_GLOBAL_ACCENT_COLOR_NAME = AccentColor;
				CODE_SIGN_ENTITLEMENTS = Kombucha/Kombucha.entitlements;
				CODE_SIGN_STYLE = Automatic;
				COMBINE_HIDPI_IMAGES = YES;
				DEVELOPMENT_ASSET_PATHS = "\"Kombucha/Preview Content\"";
				DEVELOPMENT_TEAM = KAP678Y5U8;
				ENABLE_HARDENED_RUNTIME = YES;
				ENABLE_PREVIEWS = YES;
				INFOPLIST_FILE = Kombucha/Info.plist;
				LD_RUNPATH_SEARCH_PATHS = (
					"$(inherited)",
					"@executable_path/../Frameworks",
				);
				MACOSX_DEPLOYMENT_TARGET = 11.0;
				PRODUCT_BUNDLE_IDENTIFIER = studio.mash.Kombucha;
				PRODUCT_NAME = "$(TARGET_NAME)";
				SWIFT_VERSION = 5.0;
			};
			name = Debug;
		};
		27F5DD0A24F328E90044C151 /* Release */ = {
			isa = XCBuildConfiguration;
			buildSettings = {
				ASSETCATALOG_COMPILER_APPICON_NAME = AppIcon;
				ASSETCATALOG_COMPILER_GLOBAL_ACCENT_COLOR_NAME = AccentColor;
				CODE_SIGN_ENTITLEMENTS = Kombucha/Kombucha.entitlements;
				CODE_SIGN_STYLE = Automatic;
				COMBINE_HIDPI_IMAGES = YES;
				DEVELOPMENT_ASSET_PATHS = "\"Kombucha/Preview Content\"";
				DEVELOPMENT_TEAM = KAP678Y5U8;
				ENABLE_HARDENED_RUNTIME = YES;
				ENABLE_PREVIEWS = YES;
				INFOPLIST_FILE = Kombucha/Info.plist;
				LD_RUNPATH_SEARCH_PATHS = (
					"$(inherited)",
					"@executable_path/../Frameworks",
				);
				MACOSX_DEPLOYMENT_TARGET = 11.0;
				PRODUCT_BUNDLE_IDENTIFIER = studio.mash.Kombucha;
				PRODUCT_NAME = "$(TARGET_NAME)";
				SWIFT_VERSION = 5.0;
			};
			name = Release;
		};
/* End XCBuildConfiguration section */

/* Begin XCConfigurationList section */
		27F5DCF324F328E80044C151 /* Build configuration list for PBXProject "Kombucha" */ = {
			isa = XCConfigurationList;
			buildConfigurations = (
				27F5DD0624F328E90044C151 /* Debug */,
				27F5DD0724F328E90044C151 /* Release */,
			);
			defaultConfigurationIsVisible = 0;
			defaultConfigurationName = Release;
		};
		27F5DD0824F328E90044C151 /* Build configuration list for PBXNativeTarget "Kombucha" */ = {
			isa = XCConfigurationList;
			buildConfigurations = (
				27F5DD0924F328E90044C151 /* Debug */,
				27F5DD0A24F328E90044C151 /* Release */,
			);
			defaultConfigurationIsVisible = 0;
			defaultConfigurationName = Release;
		};
/* End XCConfigurationList section */
	};
	rootObject = 27F5DCF024F328E80044C151 /* Project object */;
}
