// !$*UTF8*$!
{
	archiveVersion = 1;
	classes = {
	};
	objectVersion = 50;
	objects = {

/* Begin PBXBuildFile section */
		27297CC324F19E9E00532597 /* kombuchaApp.swift in Sources */ = {isa = PBXBuildFile; fileRef = 27297CC224F19E9E00532597 /* kombuchaApp.swift */; };
		27297CC524F19E9E00532597 /* ContentView.swift in Sources */ = {isa = PBXBuildFile; fileRef = 27297CC424F19E9E00532597 /* ContentView.swift */; };
		27297CC724F19EA000532597 /* Assets.xcassets in Resources */ = {isa = PBXBuildFile; fileRef = 27297CC624F19EA000532597 /* Assets.xcassets */; };
		27297CCA24F19EA000532597 /* Preview Assets.xcassets in Resources */ = {isa = PBXBuildFile; fileRef = 27297CC924F19EA000532597 /* Preview Assets.xcassets */; };
		27297CD624F19EA100532597 /* kombuchaTests.swift in Sources */ = {isa = PBXBuildFile; fileRef = 27297CD524F19EA100532597 /* kombuchaTests.swift */; };
		27297CE124F19EA100532597 /* kombuchaUITests.swift in Sources */ = {isa = PBXBuildFile; fileRef = 27297CE024F19EA100532597 /* kombuchaUITests.swift */; };
/* End PBXBuildFile section */

/* Begin PBXContainerItemProxy section */
		27297CD224F19EA100532597 /* PBXContainerItemProxy */ = {
			isa = PBXContainerItemProxy;
			containerPortal = 27297CB724F19E9E00532597 /* Project object */;
			proxyType = 1;
			remoteGlobalIDString = 27297CBE24F19E9E00532597;
			remoteInfo = kombucha;
		};
		27297CDD24F19EA100532597 /* PBXContainerItemProxy */ = {
			isa = PBXContainerItemProxy;
			containerPortal = 27297CB724F19E9E00532597 /* Project object */;
			proxyType = 1;
			remoteGlobalIDString = 27297CBE24F19E9E00532597;
			remoteInfo = kombucha;
		};
/* End PBXContainerItemProxy section */

/* Begin PBXFileReference section */
		27297CBF24F19E9E00532597 /* kombucha.app */ = {isa = PBXFileReference; explicitFileType = wrapper.application; includeInIndex = 0; path = kombucha.app; sourceTree = BUILT_PRODUCTS_DIR; };
		27297CC224F19E9E00532597 /* kombuchaApp.swift */ = {isa = PBXFileReference; lastKnownFileType = sourcecode.swift; path = kombuchaApp.swift; sourceTree = "<group>"; };
		27297CC424F19E9E00532597 /* ContentView.swift */ = {isa = PBXFileReference; lastKnownFileType = sourcecode.swift; path = ContentView.swift; sourceTree = "<group>"; };
		27297CC624F19EA000532597 /* Assets.xcassets */ = {isa = PBXFileReference; lastKnownFileType = folder.assetcatalog; path = Assets.xcassets; sourceTree = "<group>"; };
		27297CC924F19EA000532597 /* Preview Assets.xcassets */ = {isa = PBXFileReference; lastKnownFileType = folder.assetcatalog; path = "Preview Assets.xcassets"; sourceTree = "<group>"; };
		27297CCB24F19EA000532597 /* Info.plist */ = {isa = PBXFileReference; lastKnownFileType = text.plist.xml; path = Info.plist; sourceTree = "<group>"; };
		27297CCC24F19EA000532597 /* kombucha.entitlements */ = {isa = PBXFileReference; lastKnownFileType = text.plist.entitlements; path = kombucha.entitlements; sourceTree = "<group>"; };
		27297CD124F19EA100532597 /* kombuchaTests.xctest */ = {isa = PBXFileReference; explicitFileType = wrapper.cfbundle; includeInIndex = 0; path = kombuchaTests.xctest; sourceTree = BUILT_PRODUCTS_DIR; };
		27297CD524F19EA100532597 /* kombuchaTests.swift */ = {isa = PBXFileReference; lastKnownFileType = sourcecode.swift; path = kombuchaTests.swift; sourceTree = "<group>"; };
		27297CD724F19EA100532597 /* Info.plist */ = {isa = PBXFileReference; lastKnownFileType = text.plist.xml; path = Info.plist; sourceTree = "<group>"; };
		27297CDC24F19EA100532597 /* kombuchaUITests.xctest */ = {isa = PBXFileReference; explicitFileType = wrapper.cfbundle; includeInIndex = 0; path = kombuchaUITests.xctest; sourceTree = BUILT_PRODUCTS_DIR; };
		27297CE024F19EA100532597 /* kombuchaUITests.swift */ = {isa = PBXFileReference; lastKnownFileType = sourcecode.swift; path = kombuchaUITests.swift; sourceTree = "<group>"; };
		27297CE224F19EA100532597 /* Info.plist */ = {isa = PBXFileReference; lastKnownFileType = text.plist.xml; path = Info.plist; sourceTree = "<group>"; };
/* End PBXFileReference section */

/* Begin PBXFrameworksBuildPhase section */
		27297CBC24F19E9E00532597 /* Frameworks */ = {
			isa = PBXFrameworksBuildPhase;
			buildActionMask = 2147483647;
			files = (
			);
			runOnlyForDeploymentPostprocessing = 0;
		};
		27297CCE24F19EA100532597 /* Frameworks */ = {
			isa = PBXFrameworksBuildPhase;
			buildActionMask = 2147483647;
			files = (
			);
			runOnlyForDeploymentPostprocessing = 0;
		};
		27297CD924F19EA100532597 /* Frameworks */ = {
			isa = PBXFrameworksBuildPhase;
			buildActionMask = 2147483647;
			files = (
			);
			runOnlyForDeploymentPostprocessing = 0;
		};
/* End PBXFrameworksBuildPhase section */

/* Begin PBXGroup section */
		27297CB624F19E9E00532597 = {
			isa = PBXGroup;
			children = (
				27297CC124F19E9E00532597 /* kombucha */,
				27297CD424F19EA100532597 /* kombuchaTests */,
				27297CDF24F19EA100532597 /* kombuchaUITests */,
				27297CC024F19E9E00532597 /* Products */,
			);
			sourceTree = "<group>";
		};
		27297CC024F19E9E00532597 /* Products */ = {
			isa = PBXGroup;
			children = (
				27297CBF24F19E9E00532597 /* kombucha.app */,
				27297CD124F19EA100532597 /* kombuchaTests.xctest */,
				27297CDC24F19EA100532597 /* kombuchaUITests.xctest */,
			);
			name = Products;
			sourceTree = "<group>";
		};
		27297CC124F19E9E00532597 /* kombucha */ = {
			isa = PBXGroup;
			children = (
				27297CC224F19E9E00532597 /* kombuchaApp.swift */,
				27297CC424F19E9E00532597 /* ContentView.swift */,
				27297CC624F19EA000532597 /* Assets.xcassets */,
				27297CCB24F19EA000532597 /* Info.plist */,
				27297CCC24F19EA000532597 /* kombucha.entitlements */,
				27297CC824F19EA000532597 /* Preview Content */,
			);
			path = kombucha;
			sourceTree = "<group>";
		};
		27297CC824F19EA000532597 /* Preview Content */ = {
			isa = PBXGroup;
			children = (
				27297CC924F19EA000532597 /* Preview Assets.xcassets */,
			);
			path = "Preview Content";
			sourceTree = "<group>";
		};
		27297CD424F19EA100532597 /* kombuchaTests */ = {
			isa = PBXGroup;
			children = (
				27297CD524F19EA100532597 /* kombuchaTests.swift */,
				27297CD724F19EA100532597 /* Info.plist */,
			);
			path = kombuchaTests;
			sourceTree = "<group>";
		};
		27297CDF24F19EA100532597 /* kombuchaUITests */ = {
			isa = PBXGroup;
			children = (
				27297CE024F19EA100532597 /* kombuchaUITests.swift */,
				27297CE224F19EA100532597 /* Info.plist */,
			);
			path = kombuchaUITests;
			sourceTree = "<group>";
		};
/* End PBXGroup section */

/* Begin PBXNativeTarget section */
		27297CBE24F19E9E00532597 /* kombucha */ = {
			isa = PBXNativeTarget;
			buildConfigurationList = 27297CE524F19EA100532597 /* Build configuration list for PBXNativeTarget "kombucha" */;
			buildPhases = (
				27297CBB24F19E9E00532597 /* Sources */,
				27297CBC24F19E9E00532597 /* Frameworks */,
				27297CBD24F19E9E00532597 /* Resources */,
			);
			buildRules = (
			);
			dependencies = (
			);
			name = kombucha;
			productName = kombucha;
			productReference = 27297CBF24F19E9E00532597 /* kombucha.app */;
			productType = "com.apple.product-type.application";
		};
		27297CD024F19EA100532597 /* kombuchaTests */ = {
			isa = PBXNativeTarget;
			buildConfigurationList = 27297CE824F19EA100532597 /* Build configuration list for PBXNativeTarget "kombuchaTests" */;
			buildPhases = (
				27297CCD24F19EA100532597 /* Sources */,
				27297CCE24F19EA100532597 /* Frameworks */,
				27297CCF24F19EA100532597 /* Resources */,
			);
			buildRules = (
			);
			dependencies = (
				27297CD324F19EA100532597 /* PBXTargetDependency */,
			);
			name = kombuchaTests;
			productName = kombuchaTests;
			productReference = 27297CD124F19EA100532597 /* kombuchaTests.xctest */;
			productType = "com.apple.product-type.bundle.unit-test";
		};
		27297CDB24F19EA100532597 /* kombuchaUITests */ = {
			isa = PBXNativeTarget;
			buildConfigurationList = 27297CEB24F19EA100532597 /* Build configuration list for PBXNativeTarget "kombuchaUITests" */;
			buildPhases = (
				27297CD824F19EA100532597 /* Sources */,
				27297CD924F19EA100532597 /* Frameworks */,
				27297CDA24F19EA100532597 /* Resources */,
			);
			buildRules = (
			);
			dependencies = (
				27297CDE24F19EA100532597 /* PBXTargetDependency */,
			);
			name = kombuchaUITests;
			productName = kombuchaUITests;
			productReference = 27297CDC24F19EA100532597 /* kombuchaUITests.xctest */;
			productType = "com.apple.product-type.bundle.ui-testing";
		};
/* End PBXNativeTarget section */

/* Begin PBXProject section */
		27297CB724F19E9E00532597 /* Project object */ = {
			isa = PBXProject;
			attributes = {
				LastSwiftUpdateCheck = 1200;
				LastUpgradeCheck = 1200;
				TargetAttributes = {
					27297CBE24F19E9E00532597 = {
						CreatedOnToolsVersion = 12.0;
					};
					27297CD024F19EA100532597 = {
						CreatedOnToolsVersion = 12.0;
						TestTargetID = 27297CBE24F19E9E00532597;
					};
					27297CDB24F19EA100532597 = {
						CreatedOnToolsVersion = 12.0;
						TestTargetID = 27297CBE24F19E9E00532597;
					};
				};
			};
			buildConfigurationList = 27297CBA24F19E9E00532597 /* Build configuration list for PBXProject "kombucha" */;
			compatibilityVersion = "Xcode 9.3";
			developmentRegion = en;
			hasScannedForEncodings = 0;
			knownRegions = (
				en,
				Base,
			);
			mainGroup = 27297CB624F19E9E00532597;
			productRefGroup = 27297CC024F19E9E00532597 /* Products */;
			projectDirPath = "";
			projectRoot = "";
			targets = (
				27297CBE24F19E9E00532597 /* kombucha */,
				27297CD024F19EA100532597 /* kombuchaTests */,
				27297CDB24F19EA100532597 /* kombuchaUITests */,
			);
		};
/* End PBXProject section */

/* Begin PBXResourcesBuildPhase section */
		27297CBD24F19E9E00532597 /* Resources */ = {
			isa = PBXResourcesBuildPhase;
			buildActionMask = 2147483647;
			files = (
				27297CCA24F19EA000532597 /* Preview Assets.xcassets in Resources */,
				27297CC724F19EA000532597 /* Assets.xcassets in Resources */,
			);
			runOnlyForDeploymentPostprocessing = 0;
		};
		27297CCF24F19EA100532597 /* Resources */ = {
			isa = PBXResourcesBuildPhase;
			buildActionMask = 2147483647;
			files = (
			);
			runOnlyForDeploymentPostprocessing = 0;
		};
		27297CDA24F19EA100532597 /* Resources */ = {
			isa = PBXResourcesBuildPhase;
			buildActionMask = 2147483647;
			files = (
			);
			runOnlyForDeploymentPostprocessing = 0;
		};
/* End PBXResourcesBuildPhase section */

/* Begin PBXSourcesBuildPhase section */
		27297CBB24F19E9E00532597 /* Sources */ = {
			isa = PBXSourcesBuildPhase;
			buildActionMask = 2147483647;
			files = (
				27297CC524F19E9E00532597 /* ContentView.swift in Sources */,
				27297CC324F19E9E00532597 /* kombuchaApp.swift in Sources */,
			);
			runOnlyForDeploymentPostprocessing = 0;
		};
		27297CCD24F19EA100532597 /* Sources */ = {
			isa = PBXSourcesBuildPhase;
			buildActionMask = 2147483647;
			files = (
				27297CD624F19EA100532597 /* kombuchaTests.swift in Sources */,
			);
			runOnlyForDeploymentPostprocessing = 0;
		};
		27297CD824F19EA100532597 /* Sources */ = {
			isa = PBXSourcesBuildPhase;
			buildActionMask = 2147483647;
			files = (
				27297CE124F19EA100532597 /* kombuchaUITests.swift in Sources */,
			);
			runOnlyForDeploymentPostprocessing = 0;
		};
/* End PBXSourcesBuildPhase section */

/* Begin PBXTargetDependency section */
		27297CD324F19EA100532597 /* PBXTargetDependency */ = {
			isa = PBXTargetDependency;
			target = 27297CBE24F19E9E00532597 /* kombucha */;
			targetProxy = 27297CD224F19EA100532597 /* PBXContainerItemProxy */;
		};
		27297CDE24F19EA100532597 /* PBXTargetDependency */ = {
			isa = PBXTargetDependency;
			target = 27297CBE24F19E9E00532597 /* kombucha */;
			targetProxy = 27297CDD24F19EA100532597 /* PBXContainerItemProxy */;
		};
/* End PBXTargetDependency section */

/* Begin XCBuildConfiguration section */
		27297CE324F19EA100532597 /* Debug */ = {
			isa = XCBuildConfiguration;
			buildSettings = {
				ALWAYS_SEARCH_USER_PATHS = NO;
				CLANG_ANALYZER_NONNULL = YES;
				CLANG_ANALYZER_NUMBER_OBJECT_CONVERSION = YES_AGGRESSIVE;
				CLANG_CXX_LANGUAGE_STANDARD = "gnu++14";
				CLANG_CXX_LIBRARY = "libc++";
				CLANG_ENABLE_MODULES = YES;
				CLANG_ENABLE_OBJC_ARC = YES;
				CLANG_ENABLE_OBJC_WEAK = YES;
				CLANG_WARN_BLOCK_CAPTURE_AUTORELEASING = YES;
				CLANG_WARN_BOOL_CONVERSION = YES;
				CLANG_WARN_COMMA = YES;
				CLANG_WARN_CONSTANT_CONVERSION = YES;
				CLANG_WARN_DEPRECATED_OBJC_IMPLEMENTATIONS = YES;
				CLANG_WARN_DIRECT_OBJC_ISA_USAGE = YES_ERROR;
				CLANG_WARN_DOCUMENTATION_COMMENTS = YES;
				CLANG_WARN_EMPTY_BODY = YES;
				CLANG_WARN_ENUM_CONVERSION = YES;
				CLANG_WARN_INFINITE_RECURSION = YES;
				CLANG_WARN_INT_CONVERSION = YES;
				CLANG_WARN_NON_LITERAL_NULL_CONVERSION = YES;
				CLANG_WARN_OBJC_IMPLICIT_RETAIN_SELF = YES;
				CLANG_WARN_OBJC_LITERAL_CONVERSION = YES;
				CLANG_WARN_OBJC_ROOT_CLASS = YES_ERROR;
				CLANG_WARN_QUOTED_INCLUDE_IN_FRAMEWORK_HEADER = YES;
				CLANG_WARN_RANGE_LOOP_ANALYSIS = YES;
				CLANG_WARN_STRICT_PROTOTYPES = YES;
				CLANG_WARN_SUSPICIOUS_MOVE = YES;
				CLANG_WARN_UNGUARDED_AVAILABILITY = YES_AGGRESSIVE;
				CLANG_WARN_UNREACHABLE_CODE = YES;
				CLANG_WARN__DUPLICATE_METHOD_MATCH = YES;
				COPY_PHASE_STRIP = NO;
				DEBUG_INFORMATION_FORMAT = dwarf;
				ENABLE_STRICT_OBJC_MSGSEND = YES;
				ENABLE_TESTABILITY = YES;
				GCC_C_LANGUAGE_STANDARD = gnu11;
				GCC_DYNAMIC_NO_PIC = NO;
				GCC_NO_COMMON_BLOCKS = YES;
				GCC_OPTIMIZATION_LEVEL = 0;
				GCC_PREPROCESSOR_DEFINITIONS = (
					"DEBUG=1",
					"$(inherited)",
				);
				GCC_WARN_64_TO_32_BIT_CONVERSION = YES;
				GCC_WARN_ABOUT_RETURN_TYPE = YES_ERROR;
				GCC_WARN_UNDECLARED_SELECTOR = YES;
				GCC_WARN_UNINITIALIZED_AUTOS = YES_AGGRESSIVE;
				GCC_WARN_UNUSED_FUNCTION = YES;
				GCC_WARN_UNUSED_VARIABLE = YES;
				MACOSX_DEPLOYMENT_TARGET = 11.0;
				MTL_ENABLE_DEBUG_INFO = INCLUDE_SOURCE;
				MTL_FAST_MATH = YES;
				ONLY_ACTIVE_ARCH = YES;
				SDKROOT = macosx;
				SWIFT_ACTIVE_COMPILATION_CONDITIONS = DEBUG;
				SWIFT_OPTIMIZATION_LEVEL = "-Onone";
			};
			name = Debug;
		};
		27297CE424F19EA100532597 /* Release */ = {
			isa = XCBuildConfiguration;
			buildSettings = {
				ALWAYS_SEARCH_USER_PATHS = NO;
				CLANG_ANALYZER_NONNULL = YES;
				CLANG_ANALYZER_NUMBER_OBJECT_CONVERSION = YES_AGGRESSIVE;
				CLANG_CXX_LANGUAGE_STANDARD = "gnu++14";
				CLANG_CXX_LIBRARY = "libc++";
				CLANG_ENABLE_MODULES = YES;
				CLANG_ENABLE_OBJC_ARC = YES;
				CLANG_ENABLE_OBJC_WEAK = YES;
				CLANG_WARN_BLOCK_CAPTURE_AUTORELEASING = YES;
				CLANG_WARN_BOOL_CONVERSION = YES;
				CLANG_WARN_COMMA = YES;
				CLANG_WARN_CONSTANT_CONVERSION = YES;
				CLANG_WARN_DEPRECATED_OBJC_IMPLEMENTATIONS = YES;
				CLANG_WARN_DIRECT_OBJC_ISA_USAGE = YES_ERROR;
				CLANG_WARN_DOCUMENTATION_COMMENTS = YES;
				CLANG_WARN_EMPTY_BODY = YES;
				CLANG_WARN_ENUM_CONVERSION = YES;
				CLANG_WARN_INFINITE_RECURSION = YES;
				CLANG_WARN_INT_CONVERSION = YES;
				CLANG_WARN_NON_LITERAL_NULL_CONVERSION = YES;
				CLANG_WARN_OBJC_IMPLICIT_RETAIN_SELF = YES;
				CLANG_WARN_OBJC_LITERAL_CONVERSION = YES;
				CLANG_WARN_OBJC_ROOT_CLASS = YES_ERROR;
				CLANG_WARN_QUOTED_INCLUDE_IN_FRAMEWORK_HEADER = YES;
				CLANG_WARN_RANGE_LOOP_ANALYSIS = YES;
				CLANG_WARN_STRICT_PROTOTYPES = YES;
				CLANG_WARN_SUSPICIOUS_MOVE = YES;
				CLANG_WARN_UNGUARDED_AVAILABILITY = YES_AGGRESSIVE;
				CLANG_WARN_UNREACHABLE_CODE = YES;
				CLANG_WARN__DUPLICATE_METHOD_MATCH = YES;
				COPY_PHASE_STRIP = NO;
				DEBUG_INFORMATION_FORMAT = "dwarf-with-dsym";
				ENABLE_NS_ASSERTIONS = NO;
				ENABLE_STRICT_OBJC_MSGSEND = YES;
				GCC_C_LANGUAGE_STANDARD = gnu11;
				GCC_NO_COMMON_BLOCKS = YES;
				GCC_WARN_64_TO_32_BIT_CONVERSION = YES;
				GCC_WARN_ABOUT_RETURN_TYPE = YES_ERROR;
				GCC_WARN_UNDECLARED_SELECTOR = YES;
				GCC_WARN_UNINITIALIZED_AUTOS = YES_AGGRESSIVE;
				GCC_WARN_UNUSED_FUNCTION = YES;
				GCC_WARN_UNUSED_VARIABLE = YES;
				MACOSX_DEPLOYMENT_TARGET = 11.0;
				MTL_ENABLE_DEBUG_INFO = NO;
				MTL_FAST_MATH = YES;
				SDKROOT = macosx;
				SWIFT_COMPILATION_MODE = wholemodule;
				SWIFT_OPTIMIZATION_LEVEL = "-O";
			};
			name = Release;
		};
		27297CE624F19EA100532597 /* Debug */ = {
			isa = XCBuildConfiguration;
			buildSettings = {
				ASSETCATALOG_COMPILER_APPICON_NAME = AppIcon;
				ASSETCATALOG_COMPILER_GLOBAL_ACCENT_COLOR_NAME = AccentColor;
				CODE_SIGN_ENTITLEMENTS = kombucha/kombucha.entitlements;
				CODE_SIGN_STYLE = Automatic;
				COMBINE_HIDPI_IMAGES = YES;
				DEVELOPMENT_ASSET_PATHS = "\"kombucha/Preview Content\"";
				DEVELOPMENT_TEAM = KAP678Y5U8;
				ENABLE_HARDENED_RUNTIME = YES;
				ENABLE_PREVIEWS = YES;
				INFOPLIST_FILE = kombucha/Info.plist;
				LD_RUNPATH_SEARCH_PATHS = (
					"$(inherited)",
					"@executable_path/../Frameworks",
				);
				MACOSX_DEPLOYMENT_TARGET = 11.0;
				PRODUCT_BUNDLE_IDENTIFIER = studio.mash.kombucha;
				PRODUCT_NAME = "$(TARGET_NAME)";
				SWIFT_VERSION = 5.0;
			};
			name = Debug;
		};
		27297CE724F19EA100532597 /* Release */ = {
			isa = XCBuildConfiguration;
			buildSettings = {
				ASSETCATALOG_COMPILER_APPICON_NAME = AppIcon;
				ASSETCATALOG_COMPILER_GLOBAL_ACCENT_COLOR_NAME = AccentColor;
				CODE_SIGN_ENTITLEMENTS = kombucha/kombucha.entitlements;
				CODE_SIGN_STYLE = Automatic;
				COMBINE_HIDPI_IMAGES = YES;
				DEVELOPMENT_ASSET_PATHS = "\"kombucha/Preview Content\"";
				DEVELOPMENT_TEAM = KAP678Y5U8;
				ENABLE_HARDENED_RUNTIME = YES;
				ENABLE_PREVIEWS = YES;
				INFOPLIST_FILE = kombucha/Info.plist;
				LD_RUNPATH_SEARCH_PATHS = (
					"$(inherited)",
					"@executable_path/../Frameworks",
				);
				MACOSX_DEPLOYMENT_TARGET = 11.0;
				PRODUCT_BUNDLE_IDENTIFIER = studio.mash.kombucha;
				PRODUCT_NAME = "$(TARGET_NAME)";
				SWIFT_VERSION = 5.0;
			};
			name = Release;
		};
		27297CE924F19EA100532597 /* Debug */ = {
			isa = XCBuildConfiguration;
			buildSettings = {
				ALWAYS_EMBED_SWIFT_STANDARD_LIBRARIES = YES;
				BUNDLE_LOADER = "$(TEST_HOST)";
				CODE_SIGN_STYLE = Automatic;
				COMBINE_HIDPI_IMAGES = YES;
				DEVELOPMENT_TEAM = KAP678Y5U8;
				INFOPLIST_FILE = kombuchaTests/Info.plist;
				LD_RUNPATH_SEARCH_PATHS = (
					"$(inherited)",
					"@executable_path/../Frameworks",
					"@loader_path/../Frameworks",
				);
				MACOSX_DEPLOYMENT_TARGET = 11.0;
				PRODUCT_BUNDLE_IDENTIFIER = studio.mash.kombuchaTests;
				PRODUCT_NAME = "$(TARGET_NAME)";
				SWIFT_VERSION = 5.0;
				TEST_HOST = "$(BUILT_PRODUCTS_DIR)/kombucha.app/Contents/MacOS/kombucha";
			};
			name = Debug;
		};
		27297CEA24F19EA100532597 /* Release */ = {
			isa = XCBuildConfiguration;
			buildSettings = {
				ALWAYS_EMBED_SWIFT_STANDARD_LIBRARIES = YES;
				BUNDLE_LOADER = "$(TEST_HOST)";
				CODE_SIGN_STYLE = Automatic;
				COMBINE_HIDPI_IMAGES = YES;
				DEVELOPMENT_TEAM = KAP678Y5U8;
				INFOPLIST_FILE = kombuchaTests/Info.plist;
				LD_RUNPATH_SEARCH_PATHS = (
					"$(inherited)",
					"@executable_path/../Frameworks",
					"@loader_path/../Frameworks",
				);
				MACOSX_DEPLOYMENT_TARGET = 11.0;
				PRODUCT_BUNDLE_IDENTIFIER = studio.mash.kombuchaTests;
				PRODUCT_NAME = "$(TARGET_NAME)";
				SWIFT_VERSION = 5.0;
				TEST_HOST = "$(BUILT_PRODUCTS_DIR)/kombucha.app/Contents/MacOS/kombucha";
			};
			name = Release;
		};
		27297CEC24F19EA100532597 /* Debug */ = {
			isa = XCBuildConfiguration;
			buildSettings = {
				ALWAYS_EMBED_SWIFT_STANDARD_LIBRARIES = YES;
				CODE_SIGN_STYLE = Automatic;
				COMBINE_HIDPI_IMAGES = YES;
				DEVELOPMENT_TEAM = KAP678Y5U8;
				INFOPLIST_FILE = kombuchaUITests/Info.plist;
				LD_RUNPATH_SEARCH_PATHS = (
					"$(inherited)",
					"@executable_path/../Frameworks",
					"@loader_path/../Frameworks",
				);
				PRODUCT_BUNDLE_IDENTIFIER = studio.mash.kombuchaUITests;
				PRODUCT_NAME = "$(TARGET_NAME)";
				SWIFT_VERSION = 5.0;
				TEST_TARGET_NAME = kombucha;
			};
			name = Debug;
		};
		27297CED24F19EA100532597 /* Release */ = {
			isa = XCBuildConfiguration;
			buildSettings = {
				ALWAYS_EMBED_SWIFT_STANDARD_LIBRARIES = YES;
				CODE_SIGN_STYLE = Automatic;
				COMBINE_HIDPI_IMAGES = YES;
				DEVELOPMENT_TEAM = KAP678Y5U8;
				INFOPLIST_FILE = kombuchaUITests/Info.plist;
				LD_RUNPATH_SEARCH_PATHS = (
					"$(inherited)",
					"@executable_path/../Frameworks",
					"@loader_path/../Frameworks",
				);
				PRODUCT_BUNDLE_IDENTIFIER = studio.mash.kombuchaUITests;
				PRODUCT_NAME = "$(TARGET_NAME)";
				SWIFT_VERSION = 5.0;
				TEST_TARGET_NAME = kombucha;
			};
			name = Release;
		};
/* End XCBuildConfiguration section */

/* Begin XCConfigurationList section */
		27297CBA24F19E9E00532597 /* Build configuration list for PBXProject "kombucha" */ = {
			isa = XCConfigurationList;
			buildConfigurations = (
				27297CE324F19EA100532597 /* Debug */,
				27297CE424F19EA100532597 /* Release */,
			);
			defaultConfigurationIsVisible = 0;
			defaultConfigurationName = Release;
		};
		27297CE524F19EA100532597 /* Build configuration list for PBXNativeTarget "kombucha" */ = {
			isa = XCConfigurationList;
			buildConfigurations = (
				27297CE624F19EA100532597 /* Debug */,
				27297CE724F19EA100532597 /* Release */,
			);
			defaultConfigurationIsVisible = 0;
			defaultConfigurationName = Release;
		};
		27297CE824F19EA100532597 /* Build configuration list for PBXNativeTarget "kombuchaTests" */ = {
			isa = XCConfigurationList;
			buildConfigurations = (
				27297CE924F19EA100532597 /* Debug */,
				27297CEA24F19EA100532597 /* Release */,
			);
			defaultConfigurationIsVisible = 0;
			defaultConfigurationName = Release;
		};
		27297CEB24F19EA100532597 /* Build configuration list for PBXNativeTarget "kombuchaUITests" */ = {
			isa = XCConfigurationList;
			buildConfigurations = (
				27297CEC24F19EA100532597 /* Debug */,
				27297CED24F19EA100532597 /* Release */,
			);
			defaultConfigurationIsVisible = 0;
			defaultConfigurationName = Release;
		};
/* End XCConfigurationList section */
	};
	rootObject = 27297CB724F19E9E00532597 /* Project object */;
}
